
Microsoft Visual Studio Solution File, Format Version 12.00
# Visual Studio Version 16
VisualStudioVersion = 16.0.31613.86
MinimumVisualStudioVersion = 10.0.40219.1
Project("{9A19103F-16F7-4668-BE54-9A1E7A4F7556}") = "Ciber", "Ciber\Ciber.csproj", "{D95495DB-1FED-42F7-9650-A9DF992B9A7C}"
EndProject
Project("{9A19103F-16F7-4668-BE54-9A1E7A4F7556}") = "CiberWindowsForm", "CiberWindowsForm\CiberWindowsForm.csproj", "{844382CC-C463-47F7-805D-4472F756BE94}"
EndProject
Global
	GlobalSection(SolutionConfigurationPlatforms) = preSolution
		Debug|Any CPU = Debug|Any CPU
		Release|Any CPU = Release|Any CPU
	EndGlobalSection
	GlobalSection(ProjectConfigurationPlatforms) = postSolution
		{D95495DB-1FED-42F7-9650-A9DF992B9A7C}.Debug|Any CPU.ActiveCfg = Debug|Any CPU
		{D95495DB-1FED-42F7-9650-A9DF992B9A7C}.Debug|Any CPU.Build.0 = Debug|Any CPU
		{D95495DB-1FED-42F7-9650-A9DF992B9A7C}.Release|Any CPU.ActiveCfg = Release|Any CPU
		{D95495DB-1FED-42F7-9650-A9DF992B9A7C}.Release|Any CPU.Build.0 = Release|Any CPU
		{844382CC-C463-47F7-805D-4472F756BE94}.Debug|Any CPU.ActiveCfg = Debug|Any CPU
		{844382CC-C463-47F7-805D-4472F756BE94}.Debug|Any CPU.Build.0 = Debug|Any CPU
		{844382CC-C463-47F7-805D-4472F756BE94}.Release|Any CPU.ActiveCfg = Release|Any CPU
		{844382CC-C463-47F7-805D-4472F756BE94}.Release|Any CPU.Build.0 = Release|Any CPU
	EndGlobalSection
	GlobalSection(SolutionProperties) = preSolution
		HideSolutionNode = FALSE
	EndGlobalSection
	GlobalSection(ExtensibilityGlobals) = postSolution
		SolutionGuid = {5B9F157D-066D-4235-98E6-92E51E5BE863}
	EndGlobalSection
EndGlobal
